// !$*UTF8*$!
{
	archiveVersion = 1;
	classes = {
	};
	objectVersion = 56;
	objects = {

/* Begin PBXBuildFile section */
		A0D6D61B2C3EF6360008FCF8 /* AppDelegate.swift in Sources */ = {isa = PBXBuildFile; fileRef = A0D6D61A2C3EF6360008FCF8 /* AppDelegate.swift */; };
		A0D6D61D2C3EF6360008FCF8 /* SceneDelegate.swift in Sources */ = {isa = PBXBuildFile; fileRef = A0D6D61C2C3EF6360008FCF8 /* SceneDelegate.swift */; };
		A0D6D6242C3EF6370008FCF8 /* Assets.xcassets in Resources */ = {isa = PBXBuildFile; fileRef = A0D6D6232C3EF6370008FCF8 /* Assets.xcassets */; };
		A0D6D6272C3EF6370008FCF8 /* Base in Resources */ = {isa = PBXBuildFile; fileRef = A0D6D6262C3EF6370008FCF8 /* Base */; };
		A0D6D6332C3EFABB0008FCF8 /* UISceneConfiguration+Default.swift in Sources */ = {isa = PBXBuildFile; fileRef = A0D6D6322C3EFABB0008FCF8 /* UISceneConfiguration+Default.swift */; };
		A0D6D6362C452DAD0008FCF8 /* RepositorySearchView.swift in Sources */ = {isa = PBXBuildFile; fileRef = A0D6D6352C452DAD0008FCF8 /* RepositorySearchView.swift */; };
		A0D6D6392C4538620008FCF8 /* GithubAPIClient.swift in Sources */ = {isa = PBXBuildFile; fileRef = A0D6D6382C4538620008FCF8 /* GithubAPIClient.swift */; };
		A0D6D63C2C4548250008FCF8 /* NetworkDispatcher.swift in Sources */ = {isa = PBXBuildFile; fileRef = A0D6D63B2C4548250008FCF8 /* NetworkDispatcher.swift */; };
		A0D6D63E2C454AB50008FCF8 /* GithubSearchEndPoint.swift in Sources */ = {isa = PBXBuildFile; fileRef = A0D6D63D2C454AB50008FCF8 /* GithubSearchEndPoint.swift */; };
		A0D6D6402C454AE40008FCF8 /* GithubAPISearchResult.swift in Sources */ = {isa = PBXBuildFile; fileRef = A0D6D63F2C454AE40008FCF8 /* GithubAPISearchResult.swift */; };
		A0D6D6422C457AB80008FCF8 /* RepositorySearchViewModel.swift in Sources */ = {isa = PBXBuildFile; fileRef = A0D6D6412C457AB80008FCF8 /* RepositorySearchViewModel.swift */; };
		A0D6D6442C457B020008FCF8 /* AppCoordinator.swift in Sources */ = {isa = PBXBuildFile; fileRef = A0D6D6432C457B020008FCF8 /* AppCoordinator.swift */; };
		A0D6D6472C45832E0008FCF8 /* RepositoryDetailsView.swift in Sources */ = {isa = PBXBuildFile; fileRef = A0D6D6462C45832E0008FCF8 /* RepositoryDetailsView.swift */; };
		EE8C8DDD2C45CC90001C11D7 /* GithubReposSearchTests.swift in Sources */ = {isa = PBXBuildFile; fileRef = EE8C8DDC2C45CC90001C11D7 /* GithubReposSearchTests.swift */; };
		EE8C8DE52C45D0AD001C11D7 /* Localizable.strings in Resources */ = {isa = PBXBuildFile; fileRef = EE8C8DE32C45D0AD001C11D7 /* Localizable.strings */; };
		EE8C8DE72C45D14C001C11D7 /* String+Localized.swift in Sources */ = {isa = PBXBuildFile; fileRef = EE8C8DE62C45D14C001C11D7 /* String+Localized.swift */; };
/* End PBXBuildFile section */

/* Begin PBXContainerItemProxy section */
		EE8C8DDE2C45CC90001C11D7 /* PBXContainerItemProxy */ = {
			isa = PBXContainerItemProxy;
			containerPortal = A0D6D60F2C3EF6360008FCF8 /* Project object */;
			proxyType = 1;
			remoteGlobalIDString = A0D6D6162C3EF6360008FCF8;
			remoteInfo = GithubReposSearch;
		};
/* End PBXContainerItemProxy section */

/* Begin PBXFileReference section */
		A0D6D6172C3EF6360008FCF8 /* GithubReposSearch.app */ = {isa = PBXFileReference; explicitFileType = wrapper.application; includeInIndex = 0; path = GithubReposSearch.app; sourceTree = BUILT_PRODUCTS_DIR; };
		A0D6D61A2C3EF6360008FCF8 /* AppDelegate.swift */ = {isa = PBXFileReference; lastKnownFileType = sourcecode.swift; path = AppDelegate.swift; sourceTree = "<group>"; };
		A0D6D61C2C3EF6360008FCF8 /* SceneDelegate.swift */ = {isa = PBXFileReference; lastKnownFileType = sourcecode.swift; path = SceneDelegate.swift; sourceTree = "<group>"; };
		A0D6D6232C3EF6370008FCF8 /* Assets.xcassets */ = {isa = PBXFileReference; lastKnownFileType = folder.assetcatalog; path = Assets.xcassets; sourceTree = "<group>"; };
		A0D6D6262C3EF6370008FCF8 /* Base */ = {isa = PBXFileReference; lastKnownFileType = file.storyboard; name = Base; path = Base.lproj/LaunchScreen.storyboard; sourceTree = "<group>"; };
		A0D6D6282C3EF6370008FCF8 /* Info.plist */ = {isa = PBXFileReference; lastKnownFileType = text.plist.xml; path = Info.plist; sourceTree = "<group>"; };
		A0D6D6322C3EFABB0008FCF8 /* UISceneConfiguration+Default.swift */ = {isa = PBXFileReference; lastKnownFileType = sourcecode.swift; path = "UISceneConfiguration+Default.swift"; sourceTree = "<group>"; };
		A0D6D6352C452DAD0008FCF8 /* RepositorySearchView.swift */ = {isa = PBXFileReference; lastKnownFileType = sourcecode.swift; path = RepositorySearchView.swift; sourceTree = "<group>"; };
		A0D6D6382C4538620008FCF8 /* GithubAPIClient.swift */ = {isa = PBXFileReference; lastKnownFileType = sourcecode.swift; path = GithubAPIClient.swift; sourceTree = "<group>"; };
		A0D6D63B2C4548250008FCF8 /* NetworkDispatcher.swift */ = {isa = PBXFileReference; lastKnownFileType = sourcecode.swift; path = NetworkDispatcher.swift; sourceTree = "<group>"; };
		A0D6D63D2C454AB50008FCF8 /* GithubSearchEndPoint.swift */ = {isa = PBXFileReference; lastKnownFileType = sourcecode.swift; path = GithubSearchEndPoint.swift; sourceTree = "<group>"; };
		A0D6D63F2C454AE40008FCF8 /* GithubAPISearchResult.swift */ = {isa = PBXFileReference; lastKnownFileType = sourcecode.swift; path = GithubAPISearchResult.swift; sourceTree = "<group>"; };
		A0D6D6412C457AB80008FCF8 /* RepositorySearchViewModel.swift */ = {isa = PBXFileReference; lastKnownFileType = sourcecode.swift; path = RepositorySearchViewModel.swift; sourceTree = "<group>"; };
		A0D6D6432C457B020008FCF8 /* AppCoordinator.swift */ = {isa = PBXFileReference; lastKnownFileType = sourcecode.swift; path = AppCoordinator.swift; sourceTree = "<group>"; };
		A0D6D6462C45832E0008FCF8 /* RepositoryDetailsView.swift */ = {isa = PBXFileReference; lastKnownFileType = sourcecode.swift; path = RepositoryDetailsView.swift; sourceTree = "<group>"; };
		A0D6D6492C4592290008FCF8 /* APIConfig.xcconfig */ = {isa = PBXFileReference; lastKnownFileType = text.xcconfig; path = APIConfig.xcconfig; sourceTree = "<group>"; };
		EE8C8DDA2C45CC90001C11D7 /* GithubReposSearchTests.xctest */ = {isa = PBXFileReference; explicitFileType = wrapper.cfbundle; includeInIndex = 0; path = GithubReposSearchTests.xctest; sourceTree = BUILT_PRODUCTS_DIR; };
		EE8C8DDC2C45CC90001C11D7 /* GithubReposSearchTests.swift */ = {isa = PBXFileReference; lastKnownFileType = sourcecode.swift; path = GithubReposSearchTests.swift; sourceTree = "<group>"; };
		EE8C8DE42C45D0AD001C11D7 /* en */ = {isa = PBXFileReference; lastKnownFileType = text.plist.strings; name = en; path = en.lproj/Localizable.strings; sourceTree = "<group>"; };
		EE8C8DE62C45D14C001C11D7 /* String+Localized.swift */ = {isa = PBXFileReference; lastKnownFileType = sourcecode.swift; path = "String+Localized.swift"; sourceTree = "<group>"; };
/* End PBXFileReference section */

/* Begin PBXFrameworksBuildPhase section */
		A0D6D6142C3EF6360008FCF8 /* Frameworks */ = {
			isa = PBXFrameworksBuildPhase;
			buildActionMask = 2147483647;
			files = (
			);
			runOnlyForDeploymentPostprocessing = 0;
		};
		EE8C8DD72C45CC90001C11D7 /* Frameworks */ = {
			isa = PBXFrameworksBuildPhase;
			buildActionMask = 2147483647;
			files = (
			);
			runOnlyForDeploymentPostprocessing = 0;
		};
/* End PBXFrameworksBuildPhase section */

/* Begin PBXGroup section */
		A0D6D60E2C3EF6360008FCF8 = {
			isa = PBXGroup;
			children = (
				A0D6D6482C4592040008FCF8 /* Config */,
				A0D6D6192C3EF6360008FCF8 /* GithubReposSearch */,
				EE8C8DDB2C45CC90001C11D7 /* GithubReposSearchTests */,
				A0D6D6182C3EF6360008FCF8 /* Products */,
			);
			sourceTree = "<group>";
		};
		A0D6D6182C3EF6360008FCF8 /* Products */ = {
			isa = PBXGroup;
			children = (
				A0D6D6172C3EF6360008FCF8 /* GithubReposSearch.app */,
				EE8C8DDA2C45CC90001C11D7 /* GithubReposSearchTests.xctest */,
			);
			name = Products;
			sourceTree = "<group>";
		};
		A0D6D6192C3EF6360008FCF8 /* GithubReposSearch */ = {
			isa = PBXGroup;
			children = (
				A0D6D62F2C3EF7BF0008FCF8 /* Resources */,
				A0D6D62E2C3EF7B50008FCF8 /* Sources */,
			);
			path = GithubReposSearch;
			sourceTree = "<group>";
		};
		A0D6D62E2C3EF7B50008FCF8 /* Sources */ = {
			isa = PBXGroup;
			children = (
				A0D6D6452C457BBE0008FCF8 /* Coordinators */,
				A0D6D63A2C4547F00008FCF8 /* Networking */,
				A0D6D6342C452D970008FCF8 /* Presentation */,
				A0D6D6302C3EF7C70008FCF8 /* App */,
				A0D6D6312C3EFAA60008FCF8 /* Extensions */,
			);
			path = Sources;
			sourceTree = "<group>";
		};
		A0D6D62F2C3EF7BF0008FCF8 /* Resources */ = {
			isa = PBXGroup;
			children = (
				A0D6D6252C3EF6370008FCF8 /* LaunchScreen.storyboard */,
				A0D6D6232C3EF6370008FCF8 /* Assets.xcassets */,
				EE8C8DE32C45D0AD001C11D7 /* Localizable.strings */,
				A0D6D6282C3EF6370008FCF8 /* Info.plist */,
			);
			path = Resources;
			sourceTree = "<group>";
		};
		A0D6D6302C3EF7C70008FCF8 /* App */ = {
			isa = PBXGroup;
			children = (
				A0D6D61A2C3EF6360008FCF8 /* AppDelegate.swift */,
				A0D6D61C2C3EF6360008FCF8 /* SceneDelegate.swift */,
			);
			path = App;
			sourceTree = "<group>";
		};
		A0D6D6312C3EFAA60008FCF8 /* Extensions */ = {
			isa = PBXGroup;
			children = (
				A0D6D6322C3EFABB0008FCF8 /* UISceneConfiguration+Default.swift */,
				EE8C8DE62C45D14C001C11D7 /* String+Localized.swift */,
			);
			path = Extensions;
			sourceTree = "<group>";
		};
		A0D6D6342C452D970008FCF8 /* Presentation */ = {
			isa = PBXGroup;
			children = (
				A0D6D6352C452DAD0008FCF8 /* RepositorySearchView.swift */,
				A0D6D6412C457AB80008FCF8 /* RepositorySearchViewModel.swift */,
				A0D6D6462C45832E0008FCF8 /* RepositoryDetailsView.swift */,
			);
			path = Presentation;
			sourceTree = "<group>";
		};
		A0D6D63A2C4547F00008FCF8 /* Networking */ = {
			isa = PBXGroup;
			children = (
				A0D6D6382C4538620008FCF8 /* GithubAPIClient.swift */,
				A0D6D63B2C4548250008FCF8 /* NetworkDispatcher.swift */,
				A0D6D63D2C454AB50008FCF8 /* GithubSearchEndPoint.swift */,
				A0D6D63F2C454AE40008FCF8 /* GithubAPISearchResult.swift */,
			);
			path = Networking;
			sourceTree = "<group>";
		};
		A0D6D6452C457BBE0008FCF8 /* Coordinators */ = {
			isa = PBXGroup;
			children = (
				A0D6D6432C457B020008FCF8 /* AppCoordinator.swift */,
			);
			path = Coordinators;
			sourceTree = "<group>";
		};
		A0D6D6482C4592040008FCF8 /* Config */ = {
			isa = PBXGroup;
			children = (
				A0D6D6492C4592290008FCF8 /* APIConfig.xcconfig */,
			);
			path = Config;
			sourceTree = "<group>";
		};
		EE8C8DDB2C45CC90001C11D7 /* GithubReposSearchTests */ = {
			isa = PBXGroup;
			children = (
				EE8C8DDC2C45CC90001C11D7 /* GithubReposSearchTests.swift */,
			);
			path = GithubReposSearchTests;
			sourceTree = "<group>";
		};
/* End PBXGroup section */

/* Begin PBXNativeTarget section */
		A0D6D6162C3EF6360008FCF8 /* GithubReposSearch */ = {
			isa = PBXNativeTarget;
			buildConfigurationList = A0D6D62B2C3EF6370008FCF8 /* Build configuration list for PBXNativeTarget "GithubReposSearch" */;
			buildPhases = (
				A0D6D6132C3EF6360008FCF8 /* Sources */,
				A0D6D6142C3EF6360008FCF8 /* Frameworks */,
				A0D6D6152C3EF6360008FCF8 /* Resources */,
			);
			buildRules = (
			);
			dependencies = (
			);
			name = GithubReposSearch;
			productName = GithubReposSearch;
			productReference = A0D6D6172C3EF6360008FCF8 /* GithubReposSearch.app */;
			productType = "com.apple.product-type.application";
		};
		EE8C8DD92C45CC90001C11D7 /* GithubReposSearchTests */ = {
			isa = PBXNativeTarget;
			buildConfigurationList = EE8C8DE22C45CC90001C11D7 /* Build configuration list for PBXNativeTarget "GithubReposSearchTests" */;
			buildPhases = (
				EE8C8DD62C45CC90001C11D7 /* Sources */,
				EE8C8DD72C45CC90001C11D7 /* Frameworks */,
				EE8C8DD82C45CC90001C11D7 /* Resources */,
			);
			buildRules = (
			);
			dependencies = (
				EE8C8DDF2C45CC90001C11D7 /* PBXTargetDependency */,
			);
			name = GithubReposSearchTests;
			productName = GithubReposSearchTests;
			productReference = EE8C8DDA2C45CC90001C11D7 /* GithubReposSearchTests.xctest */;
			productType = "com.apple.product-type.bundle.unit-test";
		};
/* End PBXNativeTarget section */

/* Begin PBXProject section */
		A0D6D60F2C3EF6360008FCF8 /* Project object */ = {
			isa = PBXProject;
			attributes = {
				BuildIndependentTargetsInParallel = 1;
				LastSwiftUpdateCheck = 1540;
				LastUpgradeCheck = 1540;
				TargetAttributes = {
					A0D6D6162C3EF6360008FCF8 = {
						CreatedOnToolsVersion = 15.4;
					};
					EE8C8DD92C45CC90001C11D7 = {
						CreatedOnToolsVersion = 15.4;
						TestTargetID = A0D6D6162C3EF6360008FCF8;
					};
				};
			};
			buildConfigurationList = A0D6D6122C3EF6360008FCF8 /* Build configuration list for PBXProject "GithubReposSearch" */;
			compatibilityVersion = "Xcode 14.0";
			developmentRegion = en;
			hasScannedForEncodings = 0;
			knownRegions = (
				en,
				Base,
			);
			mainGroup = A0D6D60E2C3EF6360008FCF8;
			productRefGroup = A0D6D6182C3EF6360008FCF8 /* Products */;
			projectDirPath = "";
			projectRoot = "";
			targets = (
				A0D6D6162C3EF6360008FCF8 /* GithubReposSearch */,
				EE8C8DD92C45CC90001C11D7 /* GithubReposSearchTests */,
			);
		};
/* End PBXProject section */

/* Begin PBXResourcesBuildPhase section */
		A0D6D6152C3EF6360008FCF8 /* Resources */ = {
			isa = PBXResourcesBuildPhase;
			buildActionMask = 2147483647;
			files = (
				A0D6D6242C3EF6370008FCF8 /* Assets.xcassets in Resources */,
				EE8C8DE52C45D0AD001C11D7 /* Localizable.strings in Resources */,
				A0D6D6272C3EF6370008FCF8 /* Base in Resources */,
			);
			runOnlyForDeploymentPostprocessing = 0;
		};
		EE8C8DD82C45CC90001C11D7 /* Resources */ = {
			isa = PBXResourcesBuildPhase;
			buildActionMask = 2147483647;
			files = (
			);
			runOnlyForDeploymentPostprocessing = 0;
		};
/* End PBXResourcesBuildPhase section */

/* Begin PBXSourcesBuildPhase section */
		A0D6D6132C3EF6360008FCF8 /* Sources */ = {
			isa = PBXSourcesBuildPhase;
			buildActionMask = 2147483647;
			files = (
				A0D6D6422C457AB80008FCF8 /* RepositorySearchViewModel.swift in Sources */,
				A0D6D6402C454AE40008FCF8 /* GithubAPISearchResult.swift in Sources */,
				A0D6D6442C457B020008FCF8 /* AppCoordinator.swift in Sources */,
				A0D6D63E2C454AB50008FCF8 /* GithubSearchEndPoint.swift in Sources */,
				A0D6D61B2C3EF6360008FCF8 /* AppDelegate.swift in Sources */,
				A0D6D6332C3EFABB0008FCF8 /* UISceneConfiguration+Default.swift in Sources */,
				EE8C8DE72C45D14C001C11D7 /* String+Localized.swift in Sources */,
				A0D6D6392C4538620008FCF8 /* GithubAPIClient.swift in Sources */,
				A0D6D63C2C4548250008FCF8 /* NetworkDispatcher.swift in Sources */,
				A0D6D6472C45832E0008FCF8 /* RepositoryDetailsView.swift in Sources */,
				A0D6D6362C452DAD0008FCF8 /* RepositorySearchView.swift in Sources */,
				A0D6D61D2C3EF6360008FCF8 /* SceneDelegate.swift in Sources */,
			);
			runOnlyForDeploymentPostprocessing = 0;
		};
		EE8C8DD62C45CC90001C11D7 /* Sources */ = {
			isa = PBXSourcesBuildPhase;
			buildActionMask = 2147483647;
			files = (
				EE8C8DDD2C45CC90001C11D7 /* GithubReposSearchTests.swift in Sources */,
			);
			runOnlyForDeploymentPostprocessing = 0;
		};
/* End PBXSourcesBuildPhase section */

/* Begin PBXTargetDependency section */
		EE8C8DDF2C45CC90001C11D7 /* PBXTargetDependency */ = {
			isa = PBXTargetDependency;
			target = A0D6D6162C3EF6360008FCF8 /* GithubReposSearch */;
			targetProxy = EE8C8DDE2C45CC90001C11D7 /* PBXContainerItemProxy */;
		};
/* End PBXTargetDependency section */

/* Begin PBXVariantGroup section */
		A0D6D6252C3EF6370008FCF8 /* LaunchScreen.storyboard */ = {
			isa = PBXVariantGroup;
			children = (
				A0D6D6262C3EF6370008FCF8 /* Base */,
			);
			name = LaunchScreen.storyboard;
			sourceTree = "<group>";
		};
		EE8C8DE32C45D0AD001C11D7 /* Localizable.strings */ = {
			isa = PBXVariantGroup;
			children = (
				EE8C8DE42C45D0AD001C11D7 /* en */,
			);
			name = Localizable.strings;
			sourceTree = "<group>";
		};
/* End PBXVariantGroup section */

/* Begin XCBuildConfiguration section */
		A0D6D6292C3EF6370008FCF8 /* Debug */ = {
			isa = XCBuildConfiguration;
			buildSettings = {
				ALWAYS_SEARCH_USER_PATHS = NO;
				ASSETCATALOG_COMPILER_GENERATE_SWIFT_ASSET_SYMBOL_EXTENSIONS = YES;
				CLANG_ANALYZER_NONNULL = YES;
				CLANG_ANALYZER_NUMBER_OBJECT_CONVERSION = YES_AGGRESSIVE;
				CLANG_CXX_LANGUAGE_STANDARD = "gnu++20";
				CLANG_ENABLE_MODULES = YES;
				CLANG_ENABLE_OBJC_ARC = YES;
				CLANG_ENABLE_OBJC_WEAK = YES;
				CLANG_WARN_BLOCK_CAPTURE_AUTORELEASING = YES;
				CLANG_WARN_BOOL_CONVERSION = YES;
				CLANG_WARN_COMMA = YES;
				CLANG_WARN_CONSTANT_CONVERSION = YES;
				CLANG_WARN_DEPRECATED_OBJC_IMPLEMENTATIONS = YES;
				CLANG_WARN_DIRECT_OBJC_ISA_USAGE = YES_ERROR;
				CLANG_WARN_DOCUMENTATION_COMMENTS = YES;
				CLANG_WARN_EMPTY_BODY = YES;
				CLANG_WARN_ENUM_CONVERSION = YES;
				CLANG_WARN_INFINITE_RECURSION = YES;
				CLANG_WARN_INT_CONVERSION = YES;
				CLANG_WARN_NON_LITERAL_NULL_CONVERSION = YES;
				CLANG_WARN_OBJC_IMPLICIT_RETAIN_SELF = YES;
				CLANG_WARN_OBJC_LITERAL_CONVERSION = YES;
				CLANG_WARN_OBJC_ROOT_CLASS = YES_ERROR;
				CLANG_WARN_QUOTED_INCLUDE_IN_FRAMEWORK_HEADER = YES;
				CLANG_WARN_RANGE_LOOP_ANALYSIS = YES;
				CLANG_WARN_STRICT_PROTOTYPES = YES;
				CLANG_WARN_SUSPICIOUS_MOVE = YES;
				CLANG_WARN_UNGUARDED_AVAILABILITY = YES_AGGRESSIVE;
				CLANG_WARN_UNREACHABLE_CODE = YES;
				CLANG_WARN__DUPLICATE_METHOD_MATCH = YES;
				COPY_PHASE_STRIP = NO;
				DEBUG_INFORMATION_FORMAT = dwarf;
				ENABLE_STRICT_OBJC_MSGSEND = YES;
				ENABLE_TESTABILITY = YES;
				ENABLE_USER_SCRIPT_SANDBOXING = YES;
				GCC_C_LANGUAGE_STANDARD = gnu17;
				GCC_DYNAMIC_NO_PIC = NO;
				GCC_NO_COMMON_BLOCKS = YES;
				GCC_OPTIMIZATION_LEVEL = 0;
				GCC_PREPROCESSOR_DEFINITIONS = (
					"DEBUG=1",
					"$(inherited)",
				);
				GCC_WARN_64_TO_32_BIT_CONVERSION = YES;
				GCC_WARN_ABOUT_RETURN_TYPE = YES_ERROR;
				GCC_WARN_UNDECLARED_SELECTOR = YES;
				GCC_WARN_UNINITIALIZED_AUTOS = YES_AGGRESSIVE;
				GCC_WARN_UNUSED_FUNCTION = YES;
				GCC_WARN_UNUSED_VARIABLE = YES;
				IPHONEOS_DEPLOYMENT_TARGET = 16.0;
				LOCALIZATION_PREFERS_STRING_CATALOGS = YES;
				MTL_ENABLE_DEBUG_INFO = INCLUDE_SOURCE;
				MTL_FAST_MATH = YES;
				ONLY_ACTIVE_ARCH = YES;
				SDKROOT = iphoneos;
				SWIFT_ACTIVE_COMPILATION_CONDITIONS = "DEBUG $(inherited)";
				SWIFT_OPTIMIZATION_LEVEL = "-Onone";
			};
			name = Debug;
		};
		A0D6D62A2C3EF6370008FCF8 /* Release */ = {
			isa = XCBuildConfiguration;
			buildSettings = {
				ALWAYS_SEARCH_USER_PATHS = NO;
				ASSETCATALOG_COMPILER_GENERATE_SWIFT_ASSET_SYMBOL_EXTENSIONS = YES;
				CLANG_ANALYZER_NONNULL = YES;
				CLANG_ANALYZER_NUMBER_OBJECT_CONVERSION = YES_AGGRESSIVE;
				CLANG_CXX_LANGUAGE_STANDARD = "gnu++20";
				CLANG_ENABLE_MODULES = YES;
				CLANG_ENABLE_OBJC_ARC = YES;
				CLANG_ENABLE_OBJC_WEAK = YES;
				CLANG_WARN_BLOCK_CAPTURE_AUTORELEASING = YES;
				CLANG_WARN_BOOL_CONVERSION = YES;
				CLANG_WARN_COMMA = YES;
				CLANG_WARN_CONSTANT_CONVERSION = YES;
				CLANG_WARN_DEPRECATED_OBJC_IMPLEMENTATIONS = YES;
				CLANG_WARN_DIRECT_OBJC_ISA_USAGE = YES_ERROR;
				CLANG_WARN_DOCUMENTATION_COMMENTS = YES;
				CLANG_WARN_EMPTY_BODY = YES;
				CLANG_WARN_ENUM_CONVERSION = YES;
				CLANG_WARN_INFINITE_RECURSION = YES;
				CLANG_WARN_INT_CONVERSION = YES;
				CLANG_WARN_NON_LITERAL_NULL_CONVERSION = YES;
				CLANG_WARN_OBJC_IMPLICIT_RETAIN_SELF = YES;
				CLANG_WARN_OBJC_LITERAL_CONVERSION = YES;
				CLANG_WARN_OBJC_ROOT_CLASS = YES_ERROR;
				CLANG_WARN_QUOTED_INCLUDE_IN_FRAMEWORK_HEADER = YES;
				CLANG_WARN_RANGE_LOOP_ANALYSIS = YES;
				CLANG_WARN_STRICT_PROTOTYPES = YES;
				CLANG_WARN_SUSPICIOUS_MOVE = YES;
				CLANG_WARN_UNGUARDED_AVAILABILITY = YES_AGGRESSIVE;
				CLANG_WARN_UNREACHABLE_CODE = YES;
				CLANG_WARN__DUPLICATE_METHOD_MATCH = YES;
				COPY_PHASE_STRIP = NO;
				DEBUG_INFORMATION_FORMAT = "dwarf-with-dsym";
				ENABLE_NS_ASSERTIONS = NO;
				ENABLE_STRICT_OBJC_MSGSEND = YES;
				ENABLE_USER_SCRIPT_SANDBOXING = YES;
				GCC_C_LANGUAGE_STANDARD = gnu17;
				GCC_NO_COMMON_BLOCKS = YES;
				GCC_WARN_64_TO_32_BIT_CONVERSION = YES;
				GCC_WARN_ABOUT_RETURN_TYPE = YES_ERROR;
				GCC_WARN_UNDECLARED_SELECTOR = YES;
				GCC_WARN_UNINITIALIZED_AUTOS = YES_AGGRESSIVE;
				GCC_WARN_UNUSED_FUNCTION = YES;
				GCC_WARN_UNUSED_VARIABLE = YES;
				IPHONEOS_DEPLOYMENT_TARGET = 16.0;
				LOCALIZATION_PREFERS_STRING_CATALOGS = YES;
				MTL_ENABLE_DEBUG_INFO = NO;
				MTL_FAST_MATH = YES;
				SDKROOT = iphoneos;
				SWIFT_COMPILATION_MODE = wholemodule;
				VALIDATE_PRODUCT = YES;
			};
			name = Release;
		};
		A0D6D62C2C3EF6370008FCF8 /* Debug */ = {
			isa = XCBuildConfiguration;
			baseConfigurationReference = A0D6D6492C4592290008FCF8 /* APIConfig.xcconfig */;
			buildSettings = {
				ASSETCATALOG_COMPILER_APPICON_NAME = AppIcon;
				ASSETCATALOG_COMPILER_GLOBAL_ACCENT_COLOR_NAME = AccentColor;
				CODE_SIGN_STYLE = Manual;
				CURRENT_PROJECT_VERSION = 1;
				DEVELOPMENT_TEAM = "";
				GENERATE_INFOPLIST_FILE = YES;
				INFOPLIST_FILE = "$(PROJECT_DIR)/$(TARGET_NAME)/Resources/Info.plist";
				INFOPLIST_KEY_UIApplicationSupportsIndirectInputEvents = YES;
				INFOPLIST_KEY_UILaunchStoryboardName = LaunchScreen;
				INFOPLIST_KEY_UISupportedInterfaceOrientations_iPad = "UIInterfaceOrientationPortrait UIInterfaceOrientationPortraitUpsideDown UIInterfaceOrientationLandscapeLeft UIInterfaceOrientationLandscapeRight";
				INFOPLIST_KEY_UISupportedInterfaceOrientations_iPhone = "UIInterfaceOrientationPortrait UIInterfaceOrientationLandscapeLeft UIInterfaceOrientationLandscapeRight";
				IPHONEOS_DEPLOYMENT_TARGET = 16.0;
				LD_RUNPATH_SEARCH_PATHS = (
					"$(inherited)",
					"@executable_path/Frameworks",
				);
				MARKETING_VERSION = 1.0;
				PRODUCT_BUNDLE_IDENTIFIER = com.GithubReposSearch;
				PRODUCT_NAME = "$(TARGET_NAME)";
				PROVISIONING_PROFILE_SPECIFIER = "";
				SUPPORTED_PLATFORMS = "iphoneos iphonesimulator";
				SUPPORTS_MACCATALYST = NO;
				SUPPORTS_XR_DESIGNED_FOR_IPHONE_IPAD = NO;
				SWIFT_EMIT_LOC_STRINGS = YES;
				SWIFT_VERSION = 5.0;
				TARGETED_DEVICE_FAMILY = "1,2";
			};
			name = Debug;
		};
		A0D6D62D2C3EF6370008FCF8 /* Release */ = {
			isa = XCBuildConfiguration;
			baseConfigurationReference = A0D6D6492C4592290008FCF8 /* APIConfig.xcconfig */;
			buildSettings = {
				ASSETCATALOG_COMPILER_APPICON_NAME = AppIcon;
				ASSETCATALOG_COMPILER_GLOBAL_ACCENT_COLOR_NAME = AccentColor;
				CODE_SIGN_STYLE = Manual;
				CURRENT_PROJECT_VERSION = 1;
				DEVELOPMENT_TEAM = "";
				GENERATE_INFOPLIST_FILE = YES;
				INFOPLIST_FILE = "$(PROJECT_DIR)/$(TARGET_NAME)/Resources/Info.plist";
				INFOPLIST_KEY_UIApplicationSupportsIndirectInputEvents = YES;
				INFOPLIST_KEY_UILaunchStoryboardName = LaunchScreen;
				INFOPLIST_KEY_UISupportedInterfaceOrientations_iPad = "UIInterfaceOrientationPortrait UIInterfaceOrientationPortraitUpsideDown UIInterfaceOrientationLandscapeLeft UIInterfaceOrientationLandscapeRight";
				INFOPLIST_KEY_UISupportedInterfaceOrientations_iPhone = "UIInterfaceOrientationPortrait UIInterfaceOrientationLandscapeLeft UIInterfaceOrientationLandscapeRight";
				IPHONEOS_DEPLOYMENT_TARGET = 16.0;
				LD_RUNPATH_SEARCH_PATHS = (
					"$(inherited)",
					"@executable_path/Frameworks",
				);
				MARKETING_VERSION = 1.0;
				PRODUCT_BUNDLE_IDENTIFIER = com.GithubReposSearch;
				PRODUCT_NAME = "$(TARGET_NAME)";
				PROVISIONING_PROFILE_SPECIFIER = "";
				SUPPORTED_PLATFORMS = "iphoneos iphonesimulator";
				SUPPORTS_MACCATALYST = NO;
				SUPPORTS_XR_DESIGNED_FOR_IPHONE_IPAD = NO;
				SWIFT_EMIT_LOC_STRINGS = YES;
				SWIFT_VERSION = 5.0;
				TARGETED_DEVICE_FAMILY = "1,2";
			};
			name = Release;
		};
		EE8C8DE02C45CC90001C11D7 /* Debug */ = {
			isa = XCBuildConfiguration;
			buildSettings = {
				BUNDLE_LOADER = "$(TEST_HOST)";
				CODE_SIGN_STYLE = Automatic;
				CURRENT_PROJECT_VERSION = 1;
				GENERATE_INFOPLIST_FILE = YES;
				IPHONEOS_DEPLOYMENT_TARGET = 17.5;
				MARKETING_VERSION = 1.0;
				PRODUCT_BUNDLE_IDENTIFIER = com.demo.GithubReposSearchTests;
				PRODUCT_NAME = "$(TARGET_NAME)";
				SWIFT_EMIT_LOC_STRINGS = NO;
				SWIFT_VERSION = 5.0;
				TARGETED_DEVICE_FAMILY = "1,2";
				TEST_HOST = "$(BUILT_PRODUCTS_DIR)/GithubReposSearch.app/$(BUNDLE_EXECUTABLE_FOLDER_PATH)/GithubReposSearch";
			};
			name = Debug;
		};
		EE8C8DE12C45CC90001C11D7 /* Release */ = {
			isa = XCBuildConfiguration;
			buildSettings = {
				BUNDLE_LOADER = "$(TEST_HOST)";
				CODE_SIGN_STYLE = Automatic;
				CURRENT_PROJECT_VERSION = 1;
				GENERATE_INFOPLIST_FILE = YES;
				IPHONEOS_DEPLOYMENT_TARGET = 17.5;
				MARKETING_VERSION = 1.0;
				PRODUCT_BUNDLE_IDENTIFIER = com.demo.GithubReposSearchTests;
				PRODUCT_NAME = "$(TARGET_NAME)";
				SWIFT_EMIT_LOC_STRINGS = NO;
				SWIFT_VERSION = 5.0;
				TARGETED_DEVICE_FAMILY = "1,2";
				TEST_HOST = "$(BUILT_PRODUCTS_DIR)/GithubReposSearch.app/$(BUNDLE_EXECUTABLE_FOLDER_PATH)/GithubReposSearch";
			};
			name = Release;
		};
/* End XCBuildConfiguration section */

/* Begin XCConfigurationList section */
		A0D6D6122C3EF6360008FCF8 /* Build configuration list for PBXProject "GithubReposSearch" */ = {
			isa = XCConfigurationList;
			buildConfigurations = (
				A0D6D6292C3EF6370008FCF8 /* Debug */,
				A0D6D62A2C3EF6370008FCF8 /* Release */,
			);
			defaultConfigurationIsVisible = 0;
			defaultConfigurationName = Release;
		};
		A0D6D62B2C3EF6370008FCF8 /* Build configuration list for PBXNativeTarget "GithubReposSearch" */ = {
			isa = XCConfigurationList;
			buildConfigurations = (
				A0D6D62C2C3EF6370008FCF8 /* Debug */,
				A0D6D62D2C3EF6370008FCF8 /* Release */,
			);
			defaultConfigurationIsVisible = 0;
			defaultConfigurationName = Release;
		};
		EE8C8DE22C45CC90001C11D7 /* Build configuration list for PBXNativeTarget "GithubReposSearchTests" */ = {
			isa = XCConfigurationList;
			buildConfigurations = (
				EE8C8DE02C45CC90001C11D7 /* Debug */,
				EE8C8DE12C45CC90001C11D7 /* Release */,
			);
			defaultConfigurationIsVisible = 0;
			defaultConfigurationName = Release;
		};
/* End XCConfigurationList section */
	};
	rootObject = A0D6D60F2C3EF6360008FCF8 /* Project object */;
}
